
Microsoft Visual Studio Solution File, Format Version 12.00
# Visual Studio Version 17
VisualStudioVersion = 17.3.32901.215
MinimumVisualStudioVersion = 10.0.40219.1
Project("{FAE04EC0-301F-11D3-BF4B-00C04F79EFBC}") = "ASPNETCoreWebAppAsyncLesson01", "ASPNETCoreWebAppAsyncLesson01\ASPNETCoreWebAppAsyncLesson01.csproj", "{1CF74CF6-76D6-4316-96D7-9D2E12DC07CE}"
EndProject
Global
	GlobalSection(SolutionConfigurationPlatforms) = preSolution
		Debug|Any CPU = Debug|Any CPU
		Release|Any CPU = Release|Any CPU
	EndGlobalSection
	GlobalSection(ProjectConfigurationPlatforms) = postSolution
		{1CF74CF6-76D6-4316-96D7-9D2E12DC07CE}.Debug|Any CPU.ActiveCfg = Debug|Any CPU
		{1CF74CF6-76D6-4316-96D7-9D2E12DC07CE}.Debug|Any CPU.Build.0 = Debug|Any CPU
		{1CF74CF6-76D6-4316-96D7-9D2E12DC07CE}.Release|Any CPU.ActiveCfg = Release|Any CPU
		{1CF74CF6-76D6-4316-96D7-9D2E12DC07CE}.Release|Any CPU.Build.0 = Release|Any CPU
	EndGlobalSection
	GlobalSection(SolutionProperties) = preSolution
		HideSolutionNode = FALSE
	EndGlobalSection
	GlobalSection(ExtensibilityGlobals) = postSolution
		SolutionGuid = {8EDB96DB-0A9A-4831-81C8-57D58B4D747C}
	EndGlobalSection
EndGlobal
